
Microsoft Visual Studio Solution File, Format Version 12.00
# Visual Studio 15
VisualStudioVersion = 15.0.27703.1
MinimumVisualStudioVersion = 10.0.40219.1
Project("{FAE04EC0-301F-11D3-BF4B-00C04F79EFBC}") = "ClimaMaster.Android", "ClimaMaster\ClimaMaster.Android\ClimaMaster.Android.csproj", "{180C28B9-8893-4EB1-8B9F-BFB511EFFFF9}"
EndProject
Project("{FAE04EC0-301F-11D3-BF4B-00C04F79EFBC}") = "ClimaMaster.iOS", "ClimaMaster\ClimaMaster.iOS\ClimaMaster.iOS.csproj", "{298C7A1E-AC5B-4E81-9F4B-3CD88D3C311F}"
EndProject
Project("{FAE04EC0-301F-11D3-BF4B-00C04F79EFBC}") = "ClimaMaster", "ClimaMaster\ClimaMaster\ClimaMaster.csproj", "{20768281-785D-4CDF-A5AC-E041159CE92B}"
EndProject
Global
	GlobalSection(SolutionConfigurationPlatforms) = preSolution
		Ad-Hoc|Any CPU = Ad-Hoc|Any CPU
		Ad-Hoc|iPhone = Ad-Hoc|iPhone
		Ad-Hoc|iPhoneSimulator = Ad-Hoc|iPhoneSimulator
		AppStore|Any CPU = AppStore|Any CPU
		AppStore|iPhone = AppStore|iPhone
		AppStore|iPhoneSimulator = AppStore|iPhoneSimulator
		Debug|Any CPU = Debug|Any CPU
		Debug|iPhone = Debug|iPhone
		Debug|iPhoneSimulator = Debug|iPhoneSimulator
		Release|Any CPU = Release|Any CPU
		Release|iPhone = Release|iPhone
		Release|iPhoneSimulator = Release|iPhoneSimulator
	EndGlobalSection
	GlobalSection(ProjectConfigurationPlatforms) = postSolution
		{180C28B9-8893-4EB1-8B9F-BFB511EFFFF9}.Ad-Hoc|Any CPU.ActiveCfg = Release|Any CPU
		{180C28B9-8893-4EB1-8B9F-BFB511EFFFF9}.Ad-Hoc|Any CPU.Build.0 = Release|Any CPU
		{180C28B9-8893-4EB1-8B9F-BFB511EFFFF9}.Ad-Hoc|Any CPU.Deploy.0 = Release|Any CPU
		{180C28B9-8893-4EB1-8B9F-BFB511EFFFF9}.Ad-Hoc|iPhone.ActiveCfg = Release|Any CPU
		{180C28B9-8893-4EB1-8B9F-BFB511EFFFF9}.Ad-Hoc|iPhone.Build.0 = Release|Any CPU
		{180C28B9-8893-4EB1-8B9F-BFB511EFFFF9}.Ad-Hoc|iPhone.Deploy.0 = Release|Any CPU
		{180C28B9-8893-4EB1-8B9F-BFB511EFFFF9}.Ad-Hoc|iPhoneSimulator.ActiveCfg = Release|Any CPU
		{180C28B9-8893-4EB1-8B9F-BFB511EFFFF9}.Ad-Hoc|iPhoneSimulator.Build.0 = Release|Any CPU
		{180C28B9-8893-4EB1-8B9F-BFB511EFFFF9}.Ad-Hoc|iPhoneSimulator.Deploy.0 = Release|Any CPU
		{180C28B9-8893-4EB1-8B9F-BFB511EFFFF9}.AppStore|Any CPU.ActiveCfg = Release|Any CPU
		{180C28B9-8893-4EB1-8B9F-BFB511EFFFF9}.AppStore|Any CPU.Build.0 = Release|Any CPU
		{180C28B9-8893-4EB1-8B9F-BFB511EFFFF9}.AppStore|Any CPU.Deploy.0 = Release|Any CPU
		{180C28B9-8893-4EB1-8B9F-BFB511EFFFF9}.AppStore|iPhone.ActiveCfg = Release|Any CPU
		{180C28B9-8893-4EB1-8B9F-BFB511EFFFF9}.AppStore|iPhone.Build.0 = Release|Any CPU
		{180C28B9-8893-4EB1-8B9F-BFB511EFFFF9}.AppStore|iPhone.Deploy.0 = Release|Any CPU
		{180C28B9-8893-4EB1-8B9F-BFB511EFFFF9}.AppStore|iPhoneSimulator.ActiveCfg = Release|Any CPU
		{180C28B9-8893-4EB1-8B9F-BFB511EFFFF9}.AppStore|iPhoneSimulator.Build.0 = Release|Any CPU
		{180C28B9-8893-4EB1-8B9F-BFB511EFFFF9}.AppStore|iPhoneSimulator.Deploy.0 = Release|Any CPU
		{180C28B9-8893-4EB1-8B9F-BFB511EFFFF9}.Debug|Any CPU.ActiveCfg = Debug|Any CPU
		{180C28B9-8893-4EB1-8B9F-BFB511EFFFF9}.Debug|Any CPU.Build.0 = Debug|Any CPU
		{180C28B9-8893-4EB1-8B9F-BFB511EFFFF9}.Debug|Any CPU.Deploy.0 = Debug|Any CPU
		{180C28B9-8893-4EB1-8B9F-BFB511EFFFF9}.Debug|iPhone.ActiveCfg = Debug|Any CPU
		{180C28B9-8893-4EB1-8B9F-BFB511EFFFF9}.Debug|iPhone.Build.0 = Debug|Any CPU
		{180C28B9-8893-4EB1-8B9F-BFB511EFFFF9}.Debug|iPhone.Deploy.0 = Debug|Any CPU
		{180C28B9-8893-4EB1-8B9F-BFB511EFFFF9}.Debug|iPhoneSimulator.ActiveCfg = Debug|Any CPU
		{180C28B9-8893-4EB1-8B9F-BFB511EFFFF9}.Debug|iPhoneSimulator.Build.0 = Debug|Any CPU
		{180C28B9-8893-4EB1-8B9F-BFB511EFFFF9}.Debug|iPhoneSimulator.Deploy.0 = Debug|Any CPU
		{180C28B9-8893-4EB1-8B9F-BFB511EFFFF9}.Release|Any CPU.ActiveCfg = Release|Any CPU
		{180C28B9-8893-4EB1-8B9F-BFB511EFFFF9}.Release|Any CPU.Build.0 = Release|Any CPU
		{180C28B9-8893-4EB1-8B9F-BFB511EFFFF9}.Release|Any CPU.Deploy.0 = Release|Any CPU
		{180C28B9-8893-4EB1-8B9F-BFB511EFFFF9}.Release|iPhone.ActiveCfg = Release|Any CPU
		{180C28B9-8893-4EB1-8B9F-BFB511EFFFF9}.Release|iPhone.Build.0 = Release|Any CPU
		{180C28B9-8893-4EB1-8B9F-BFB511EFFFF9}.Release|iPhone.Deploy.0 = Release|Any CPU
		{180C28B9-8893-4EB1-8B9F-BFB511EFFFF9}.Release|iPhoneSimulator.ActiveCfg = Release|Any CPU
		{180C28B9-8893-4EB1-8B9F-BFB511EFFFF9}.Release|iPhoneSimulator.Build.0 = Release|Any CPU
		{180C28B9-8893-4EB1-8B9F-BFB511EFFFF9}.Release|iPhoneSimulator.Deploy.0 = Release|Any CPU
		{298C7A1E-AC5B-4E81-9F4B-3CD88D3C311F}.Ad-Hoc|Any CPU.ActiveCfg = Ad-Hoc|iPhone
		{298C7A1E-AC5B-4E81-9F4B-3CD88D3C311F}.Ad-Hoc|Any CPU.Build.0 = Ad-Hoc|iPhone
		{298C7A1E-AC5B-4E81-9F4B-3CD88D3C311F}.Ad-Hoc|Any CPU.Deploy.0 = Ad-Hoc|iPhone
		{298C7A1E-AC5B-4E81-9F4B-3CD88D3C311F}.Ad-Hoc|iPhone.ActiveCfg = Ad-Hoc|iPhone
		{298C7A1E-AC5B-4E81-9F4B-3CD88D3C311F}.Ad-Hoc|iPhone.Build.0 = Ad-Hoc|iPhone
		{298C7A1E-AC5B-4E81-9F4B-3CD88D3C311F}.Ad-Hoc|iPhone.Deploy.0 = Ad-Hoc|iPhone
		{298C7A1E-AC5B-4E81-9F4B-3CD88D3C311F}.Ad-Hoc|iPhoneSimulator.ActiveCfg = Ad-Hoc|iPhoneSimulator
		{298C7A1E-AC5B-4E81-9F4B-3CD88D3C311F}.Ad-Hoc|iPhoneSimulator.Build.0 = Ad-Hoc|iPhoneSimulator
		{298C7A1E-AC5B-4E81-9F4B-3CD88D3C311F}.Ad-Hoc|iPhoneSimulator.Deploy.0 = Ad-Hoc|iPhoneSimulator
		{298C7A1E-AC5B-4E81-9F4B-3CD88D3C311F}.AppStore|Any CPU.ActiveCfg = AppStore|iPhone
		{298C7A1E-AC5B-4E81-9F4B-3CD88D3C311F}.AppStore|Any CPU.Build.0 = AppStore|iPhone
		{298C7A1E-AC5B-4E81-9F4B-3CD88D3C311F}.AppStore|Any CPU.Deploy.0 = AppStore|iPhone
		{298C7A1E-AC5B-4E81-9F4B-3CD88D3C311F}.AppStore|iPhone.ActiveCfg = AppStore|iPhone
		{298C7A1E-AC5B-4E81-9F4B-3CD88D3C311F}.AppStore|iPhone.Build.0 = AppStore|iPhone
		{298C7A1E-AC5B-4E81-9F4B-3CD88D3C311F}.AppStore|iPhone.Deploy.0 = AppStore|iPhone
		{298C7A1E-AC5B-4E81-9F4B-3CD88D3C311F}.AppStore|iPhoneSimulator.ActiveCfg = AppStore|iPhoneSimulator
		{298C7A1E-AC5B-4E81-9F4B-3CD88D3C311F}.AppStore|iPhoneSimulator.Build.0 = AppStore|iPhoneSimulator
		{298C7A1E-AC5B-4E81-9F4B-3CD88D3C311F}.AppStore|iPhoneSimulator.Deploy.0 = AppStore|iPhoneSimulator
		{298C7A1E-AC5B-4E81-9F4B-3CD88D3C311F}.Debug|Any CPU.ActiveCfg = Debug|iPhoneSimulator
		{298C7A1E-AC5B-4E81-9F4B-3CD88D3C311F}.Debug|Any CPU.Build.0 = Debug|iPhoneSimulator
		{298C7A1E-AC5B-4E81-9F4B-3CD88D3C311F}.Debug|Any CPU.Deploy.0 = Debug|iPhoneSimulator
		{298C7A1E-AC5B-4E81-9F4B-3CD88D3C311F}.Debug|iPhone.ActiveCfg = Debug|iPhone
		{298C7A1E-AC5B-4E81-9F4B-3CD88D3C311F}.Debug|iPhone.Build.0 = Debug|iPhone
		{298C7A1E-AC5B-4E81-9F4B-3CD88D3C311F}.Debug|iPhone.Deploy.0 = Debug|iPhone
		{298C7A1E-AC5B-4E81-9F4B-3CD88D3C311F}.Debug|iPhoneSimulator.ActiveCfg = Debug|iPhoneSimulator
		{298C7A1E-AC5B-4E81-9F4B-3CD88D3C311F}.Debug|iPhoneSimulator.Build.0 = Debug|iPhoneSimulator
		{298C7A1E-AC5B-4E81-9F4B-3CD88D3C311F}.Debug|iPhoneSimulator.Deploy.0 = Debug|iPhoneSimulator
		{298C7A1E-AC5B-4E81-9F4B-3CD88D3C311F}.Release|Any CPU.ActiveCfg = Release|iPhone
		{298C7A1E-AC5B-4E81-9F4B-3CD88D3C311F}.Release|Any CPU.Build.0 = Release|iPhone
		{298C7A1E-AC5B-4E81-9F4B-3CD88D3C311F}.Release|Any CPU.Deploy.0 = Release|iPhone
		{298C7A1E-AC5B-4E81-9F4B-3CD88D3C311F}.Release|iPhone.ActiveCfg = Release|iPhone
		{298C7A1E-AC5B-4E81-9F4B-3CD88D3C311F}.Release|iPhone.Build.0 = Release|iPhone
		{298C7A1E-AC5B-4E81-9F4B-3CD88D3C311F}.Release|iPhone.Deploy.0 = Release|iPhone
		{298C7A1E-AC5B-4E81-9F4B-3CD88D3C311F}.Release|iPhoneSimulator.ActiveCfg = Release|iPhoneSimulator
		{298C7A1E-AC5B-4E81-9F4B-3CD88D3C311F}.Release|iPhoneSimulator.Build.0 = Release|iPhoneSimulator
		{298C7A1E-AC5B-4E81-9F4B-3CD88D3C311F}.Release|iPhoneSimulator.Deploy.0 = Release|iPhoneSimulator
		{20768281-785D-4CDF-A5AC-E041159CE92B}.Ad-Hoc|Any CPU.ActiveCfg = Debug|Any CPU
		{20768281-785D-4CDF-A5AC-E041159CE92B}.Ad-Hoc|Any CPU.Build.0 = Debug|Any CPU
		{20768281-785D-4CDF-A5AC-E041159CE92B}.Ad-Hoc|Any CPU.Deploy.0 = Debug|Any CPU
		{20768281-785D-4CDF-A5AC-E041159CE92B}.Ad-Hoc|iPhone.ActiveCfg = Debug|Any CPU
		{20768281-785D-4CDF-A5AC-E041159CE92B}.Ad-Hoc|iPhone.Build.0 = Debug|Any CPU
		{20768281-785D-4CDF-A5AC-E041159CE92B}.Ad-Hoc|iPhone.Deploy.0 = Debug|Any CPU
		{20768281-785D-4CDF-A5AC-E041159CE92B}.Ad-Hoc|iPhoneSimulator.ActiveCfg = Debug|Any CPU
		{20768281-785D-4CDF-A5AC-E041159CE92B}.Ad-Hoc|iPhoneSimulator.Build.0 = Debug|Any CPU
		{20768281-785D-4CDF-A5AC-E041159CE92B}.Ad-Hoc|iPhoneSimulator.Deploy.0 = Debug|Any CPU
		{20768281-785D-4CDF-A5AC-E041159CE92B}.AppStore|Any CPU.ActiveCfg = Debug|Any CPU
		{20768281-785D-4CDF-A5AC-E041159CE92B}.AppStore|Any CPU.Build.0 = Debug|Any CPU
		{20768281-785D-4CDF-A5AC-E041159CE92B}.AppStore|Any CPU.Deploy.0 = Debug|Any CPU
		{20768281-785D-4CDF-A5AC-E041159CE92B}.AppStore|iPhone.ActiveCfg = Debug|Any CPU
		{20768281-785D-4CDF-A5AC-E041159CE92B}.AppStore|iPhone.Build.0 = Debug|Any CPU
		{20768281-785D-4CDF-A5AC-E041159CE92B}.AppStore|iPhone.Deploy.0 = Debug|Any CPU
		{20768281-785D-4CDF-A5AC-E041159CE92B}.AppStore|iPhoneSimulator.ActiveCfg = Debug|Any CPU
		{20768281-785D-4CDF-A5AC-E041159CE92B}.AppStore|iPhoneSimulator.Build.0 = Debug|Any CPU
		{20768281-785D-4CDF-A5AC-E041159CE92B}.AppStore|iPhoneSimulator.Deploy.0 = Debug|Any CPU
		{20768281-785D-4CDF-A5AC-E041159CE92B}.Debug|Any CPU.ActiveCfg = Debug|Any CPU
		{20768281-785D-4CDF-A5AC-E041159CE92B}.Debug|Any CPU.Build.0 = Debug|Any CPU
		{20768281-785D-4CDF-A5AC-E041159CE92B}.Debug|Any CPU.Deploy.0 = Debug|Any CPU
		{20768281-785D-4CDF-A5AC-E041159CE92B}.Debug|iPhone.ActiveCfg = Debug|Any CPU
		{20768281-785D-4CDF-A5AC-E041159CE92B}.Debug|iPhone.Build.0 = Debug|Any CPU
		{20768281-785D-4CDF-A5AC-E041159CE92B}.Debug|iPhone.Deploy.0 = Debug|Any CPU
		{20768281-785D-4CDF-A5AC-E041159CE92B}.Debug|iPhoneSimulator.ActiveCfg = Debug|Any CPU
		{20768281-785D-4CDF-A5AC-E041159CE92B}.Debug|iPhoneSimulator.Build.0 = Debug|Any CPU
		{20768281-785D-4CDF-A5AC-E041159CE92B}.Debug|iPhoneSimulator.Deploy.0 = Debug|Any CPU
		{20768281-785D-4CDF-A5AC-E041159CE92B}.Release|Any CPU.ActiveCfg = Release|Any CPU
		{20768281-785D-4CDF-A5AC-E041159CE92B}.Release|Any CPU.Build.0 = Release|Any CPU
		{20768281-785D-4CDF-A5AC-E041159CE92B}.Release|Any CPU.Deploy.0 = Release|Any CPU
		{20768281-785D-4CDF-A5AC-E041159CE92B}.Release|iPhone.ActiveCfg = Release|Any CPU
		{20768281-785D-4CDF-A5AC-E041159CE92B}.Release|iPhone.Build.0 = Release|Any CPU
		{20768281-785D-4CDF-A5AC-E041159CE92B}.Release|iPhone.Deploy.0 = Release|Any CPU
		{20768281-785D-4CDF-A5AC-E041159CE92B}.Release|iPhoneSimulator.ActiveCfg = Release|Any CPU
		{20768281-785D-4CDF-A5AC-E041159CE92B}.Release|iPhoneSimulator.Build.0 = Release|Any CPU
		{20768281-785D-4CDF-A5AC-E041159CE92B}.Release|iPhoneSimulator.Deploy.0 = Release|Any CPU
	EndGlobalSection
	GlobalSection(SolutionProperties) = preSolution
		HideSolutionNode = FALSE
	EndGlobalSection
	GlobalSection(ExtensibilityGlobals) = postSolution
		SolutionGuid = {34E59AC3-10FA-4251-A1AB-8B8FC610DB8F}
	EndGlobalSection
EndGlobal
